
Microsoft Visual Studio Solution File, Format Version 12.00
# Visual Studio Version 16
VisualStudioVersion = 16.0.28729.10
MinimumVisualStudioVersion = 10.0.40219.1
Project("{2150E333-8FDC-42A3-9474-1A3956D46DE8}") = "src", "src", "{ADD25F4D-8199-4281-8064-74C870A503EF}"
EndProject
Project("{2150E333-8FDC-42A3-9474-1A3956D46DE8}") = "App", "App", "{D3A8422D-DAFB-43F2-A491-E08CE4F1119B}"
EndProject
Project("{2150E333-8FDC-42A3-9474-1A3956D46DE8}") = "API", "API", "{DDBB0643-DD51-4697-8211-19317AA6873F}"
EndProject
Project("{9A19103F-16F7-4668-BE54-9A1E7A4F7556}") = "practiceAPI", "practiceAPI\practiceAPI.csproj", "{2DF55D11-2C7C-4DD0-A261-87FA64B0D15E}"
EndProject
Global
	GlobalSection(SolutionConfigurationPlatforms) = preSolution
		Debug|Any CPU = Debug|Any CPU
		Release|Any CPU = Release|Any CPU
	EndGlobalSection
	GlobalSection(ProjectConfigurationPlatforms) = postSolution
		{2DF55D11-2C7C-4DD0-A261-87FA64B0D15E}.Debug|Any CPU.ActiveCfg = Debug|Any CPU
		{2DF55D11-2C7C-4DD0-A261-87FA64B0D15E}.Debug|Any CPU.Build.0 = Debug|Any CPU
		{2DF55D11-2C7C-4DD0-A261-87FA64B0D15E}.Release|Any CPU.ActiveCfg = Release|Any CPU
		{2DF55D11-2C7C-4DD0-A261-87FA64B0D15E}.Release|Any CPU.Build.0 = Release|Any CPU
	EndGlobalSection
	GlobalSection(SolutionProperties) = preSolution
		HideSolutionNode = FALSE
	EndGlobalSection
	GlobalSection(NestedProjects) = preSolution
		{D3A8422D-DAFB-43F2-A491-E08CE4F1119B} = {ADD25F4D-8199-4281-8064-74C870A503EF}
		{DDBB0643-DD51-4697-8211-19317AA6873F} = {D3A8422D-DAFB-43F2-A491-E08CE4F1119B}
		{2DF55D11-2C7C-4DD0-A261-87FA64B0D15E} = {DDBB0643-DD51-4697-8211-19317AA6873F}
	EndGlobalSection
	GlobalSection(ExtensibilityGlobals) = postSolution
		SolutionGuid = {F25E9B10-5AEE-46E2-9AAE-A544F1F43458}
	EndGlobalSection
EndGlobal
