
Microsoft Visual Studio Solution File, Format Version 12.00
# Visual Studio Version 16
VisualStudioVersion = 16.0.32126.315
MinimumVisualStudioVersion = 10.0.40219.1
Project("{2150E333-8FDC-42A3-9474-1A3956D46DE8}") = "src", "src", "{A4482235-08FF-4CB7-8660-61253DA0A546}"
EndProject
Project("{2150E333-8FDC-42A3-9474-1A3956D46DE8}") = "App", "App", "{DFC18E9A-F3BF-42AD-8E2F-9B3437F73EC9}"
EndProject
Project("{2150E333-8FDC-42A3-9474-1A3956D46DE8}") = "Core", "Core", "{AB837C0D-8A04-4363-9A94-84B9BD4D663B}"
EndProject
Project("{FAE04EC0-301F-11D3-BF4B-00C04F79EFBC}") = "GymAdministration.Core", "GymAdministration.Core\GymAdministration.Core.csproj", "{B18A5663-D31A-4788-8105-152C27758791}"
EndProject
Project("{FAE04EC0-301F-11D3-BF4B-00C04F79EFBC}") = "GrymAdministrationConsole", "GrymAdministrationConsole\GrymAdministrationConsole.csproj", "{E57085DA-0470-416A-9C94-A09875297036}"
EndProject
Global
	GlobalSection(SolutionConfigurationPlatforms) = preSolution
		Debug|Any CPU = Debug|Any CPU
		Release|Any CPU = Release|Any CPU
	EndGlobalSection
	GlobalSection(ProjectConfigurationPlatforms) = postSolution
		{B18A5663-D31A-4788-8105-152C27758791}.Debug|Any CPU.ActiveCfg = Debug|Any CPU
		{B18A5663-D31A-4788-8105-152C27758791}.Debug|Any CPU.Build.0 = Debug|Any CPU
		{B18A5663-D31A-4788-8105-152C27758791}.Release|Any CPU.ActiveCfg = Release|Any CPU
		{B18A5663-D31A-4788-8105-152C27758791}.Release|Any CPU.Build.0 = Release|Any CPU
		{E57085DA-0470-416A-9C94-A09875297036}.Debug|Any CPU.ActiveCfg = Debug|Any CPU
		{E57085DA-0470-416A-9C94-A09875297036}.Debug|Any CPU.Build.0 = Debug|Any CPU
		{E57085DA-0470-416A-9C94-A09875297036}.Release|Any CPU.ActiveCfg = Release|Any CPU
		{E57085DA-0470-416A-9C94-A09875297036}.Release|Any CPU.Build.0 = Release|Any CPU
	EndGlobalSection
	GlobalSection(SolutionProperties) = preSolution
		HideSolutionNode = FALSE
	EndGlobalSection
	GlobalSection(NestedProjects) = preSolution
		{DFC18E9A-F3BF-42AD-8E2F-9B3437F73EC9} = {A4482235-08FF-4CB7-8660-61253DA0A546}
		{AB837C0D-8A04-4363-9A94-84B9BD4D663B} = {A4482235-08FF-4CB7-8660-61253DA0A546}
		{B18A5663-D31A-4788-8105-152C27758791} = {AB837C0D-8A04-4363-9A94-84B9BD4D663B}
		{E57085DA-0470-416A-9C94-A09875297036} = {DFC18E9A-F3BF-42AD-8E2F-9B3437F73EC9}
	EndGlobalSection
	GlobalSection(ExtensibilityGlobals) = postSolution
		SolutionGuid = {9C5806F9-325A-4375-8360-6D1122718DF5}
	EndGlobalSection
EndGlobal
